Microsoft Visual Studio Solution File, Format Version 11.00
# Visual Studio 2008

Project("{D2BCBDC1-7AB3-77D0-623F-09CDD5FAD182}") = "AIGAME", "Assembly-CSharp.csproj", "{F9404347-12EF-57C7-5856-A1888054D674}"
EndProject
Global
	GlobalSection(SolutionConfigurationPlatforms) = preSolution
		Debug|Any CPU = Debug|Any CPU
		Release|Any CPU = Release|Any CPU
	EndGlobalSection
	GlobalSection(ProjectConfigurationPlatforms) = postSolution
		{F9404347-12EF-57C7-5856-A1888054D674}.Debug|Any CPU.ActiveCfg = Debug|Any CPU
		{F9404347-12EF-57C7-5856-A1888054D674}.Debug|Any CPU.Build.0 = Debug|Any CPU
		{F9404347-12EF-57C7-5856-A1888054D674}.Release|Any CPU.ActiveCfg = Release|Any CPU
		{F9404347-12EF-57C7-5856-A1888054D674}.Release|Any CPU.Build.0 = Release|Any CPU
	EndGlobalSection
	GlobalSection(SolutionProperties) = preSolution
		HideSolutionNode = FALSE
	EndGlobalSection
																																							GlobalSection(MonoDevelopProperties) = preSolution
=======
																																									GlobalSection(MonoDevelopProperties) = preSolution
>>>>>>> 21e5e2c05e4ae6159d24fc0e17887877cec7eec7
=======
																																																		GlobalSection(MonoDevelopProperties) = preSolution
=======
																																																GlobalSection(MonoDevelopProperties) = preSolution
>>>>>>> 4e861c8fc04ec143d2ba29816ecbd576792720f5
>>>>>>> 7a97d336a9c4472ca0864f5bf88c7956f9e8776f
=======
<<<<<<< HEAD
=======
																																										GlobalSection(MonoDevelopProperties) = preSolution
>>>>>>> eae97491f8cea5c4547bbe8584a03a0290a29eba
=======
																									GlobalSection(MonoDevelopProperties) = preSolution
>>>>>>> 0e849095e3beabd7a17b9435ec0f2f0b91de8fa1
		StartupItem = Assembly-CSharp.csproj
		Policies = $0
		$0.TextStylePolicy = $1
		$1.inheritsSet = null
		$1.scope = text/x-csharp
		$0.CSharpFormattingPolicy = $2
		$2.inheritsSet = Mono
		$2.inheritsScope = text/x-csharp
		$2.scope = text/x-csharp
		$0.TextStylePolicy = $3
		$3.FileWidth = 120
		$3.TabWidth = 4
		$3.IndentWidth = 4
		$3.EolMarker = Unix
		$3.inheritsSet = Mono
		$3.inheritsScope = text/plain
		$3.scope = text/plain
	EndGlobalSection

EndGlobal
